
Microsoft Visual Studio Solution File, Format Version 12.00
# Visual Studio Version 16
VisualStudioVersion = 16.0.32106.194
MinimumVisualStudioVersion = 10.0.40219.1
Project("{FAE04EC0-301F-11D3-BF4B-00C04F79EFBC}") = "lab3_Decorator_", "lab3_Decorator_\lab3_Decorator_.csproj", "{516D2C66-9AA0-4E3D-BFD7-A6E1716C1BF0}"
EndProject
Global
	GlobalSection(SolutionConfigurationPlatforms) = preSolution
		Debug|Any CPU = Debug|Any CPU
		Release|Any CPU = Release|Any CPU
	EndGlobalSection
	GlobalSection(ProjectConfigurationPlatforms) = postSolution
		{516D2C66-9AA0-4E3D-BFD7-A6E1716C1BF0}.Debug|Any CPU.ActiveCfg = Debug|Any CPU
		{516D2C66-9AA0-4E3D-BFD7-A6E1716C1BF0}.Debug|Any CPU.Build.0 = Debug|Any CPU
		{516D2C66-9AA0-4E3D-BFD7-A6E1716C1BF0}.Release|Any CPU.ActiveCfg = Release|Any CPU
		{516D2C66-9AA0-4E3D-BFD7-A6E1716C1BF0}.Release|Any CPU.Build.0 = Release|Any CPU
	EndGlobalSection
	GlobalSection(SolutionProperties) = preSolution
		HideSolutionNode = FALSE
	EndGlobalSection
	GlobalSection(ExtensibilityGlobals) = postSolution
		SolutionGuid = {D383033B-C969-4AB8-9351-E6FF5B9A2550}
	EndGlobalSection
EndGlobal
